
Microsoft Visual Studio Solution File, Format Version 12.00
# Visual Studio Version 17
VisualStudioVersion = 17.5.002.0
MinimumVisualStudioVersion = 10.0.40219.1
Project("{9A19103F-16F7-4668-BE54-9A1E7A4F7556}") = "TETRIS", "TETRIS\TETRIS.csproj", "{8E817311-4BB8-43BA-947D-453F38DA6381}"
EndProject
Global
	GlobalSection(SolutionConfigurationPlatforms) = preSolution
		Debug|Any CPU = Debug|Any CPU
		Release|Any CPU = Release|Any CPU
	EndGlobalSection
	GlobalSection(ProjectConfigurationPlatforms) = postSolution
		{8E817311-4BB8-43BA-947D-453F38DA6381}.Debug|Any CPU.ActiveCfg = Debug|Any CPU
		{8E817311-4BB8-43BA-947D-453F38DA6381}.Debug|Any CPU.Build.0 = Debug|Any CPU
		{8E817311-4BB8-43BA-947D-453F38DA6381}.Release|Any CPU.ActiveCfg = Release|Any CPU
		{8E817311-4BB8-43BA-947D-453F38DA6381}.Release|Any CPU.Build.0 = Release|Any CPU
	EndGlobalSection
	GlobalSection(SolutionProperties) = preSolution
		HideSolutionNode = FALSE
	EndGlobalSection
	GlobalSection(ExtensibilityGlobals) = postSolution
		SolutionGuid = {E60E63FC-A9B0-4692-8054-DD2B2DE58ADF}
	EndGlobalSection
EndGlobal
